
Microsoft Visual Studio Solution File, Format Version 11.00
# Visual Studio 2010
Project("{FAE04EC0-301F-11D3-BF4B-00C04F79EFBC}") = "UniRx", "UniRx.csproj", "{f4c32548-5a61-4dd5-23bf-a3a20b708b69}"
EndProject
Project("{FAE04EC0-301F-11D3-BF4B-00C04F79EFBC}") = "UniTask", "UniTask.csproj", "{b1a91d1b-a6ef-aedd-7430-3cd602da1829}"
EndProject
Project("{FAE04EC0-301F-11D3-BF4B-00C04F79EFBC}") = "UniTask.Linq", "UniTask.Linq.csproj", "{943eda96-740d-8258-d09e-9f9de56e228b}"
EndProject
Project("{FAE04EC0-301F-11D3-BF4B-00C04F79EFBC}") = "Assembly-CSharp-firstpass", "Assembly-CSharp-firstpass.csproj", "{fa8f9fa0-58f2-a619-4cdc-f5fdd1744e55}"
EndProject
Project("{FAE04EC0-301F-11D3-BF4B-00C04F79EFBC}") = "Assembly-CSharp", "Assembly-CSharp.csproj", "{e72584e8-b38d-eef7-3ac7-7f5a7a72f3e8}"
EndProject
Project("{FAE04EC0-301F-11D3-BF4B-00C04F79EFBC}") = "UniTask.TextMeshPro", "UniTask.TextMeshPro.csproj", "{2d685936-ebd3-20e8-010b-aca302bede55}"
EndProject
Project("{FAE04EC0-301F-11D3-BF4B-00C04F79EFBC}") = "UniTask.DOTween", "UniTask.DOTween.csproj", "{e4dc1a89-e5a4-41e9-6b3d-6dcd7fb8aa9f}"
EndProject
Project("{FAE04EC0-301F-11D3-BF4B-00C04F79EFBC}") = "UniTask.Addressables", "UniTask.Addressables.csproj", "{1be61a2a-130a-34db-dac5-17b7130a4312}"
EndProject
Project("{FAE04EC0-301F-11D3-BF4B-00C04F79EFBC}") = "UniTask.Editor", "UniTask.Editor.csproj", "{d8e4ce3a-ce4b-507b-8cd7-9a24a40783ac}"
EndProject
Global
	GlobalSection(SolutionConfigurationPlatforms) = preSolution
		Debug|Any CPU = Debug|Any CPU
	EndGlobalSection
	GlobalSection(ProjectConfigurationPlatforms) = postSolution
		{f4c32548-5a61-4dd5-23bf-a3a20b708b69}.Debug|Any CPU.ActiveCfg = Debug|Any CPU
		{f4c32548-5a61-4dd5-23bf-a3a20b708b69}.Debug|Any CPU.Build.0 = Debug|Any CPU
		{b1a91d1b-a6ef-aedd-7430-3cd602da1829}.Debug|Any CPU.ActiveCfg = Debug|Any CPU
		{b1a91d1b-a6ef-aedd-7430-3cd602da1829}.Debug|Any CPU.Build.0 = Debug|Any CPU
		{943eda96-740d-8258-d09e-9f9de56e228b}.Debug|Any CPU.ActiveCfg = Debug|Any CPU
		{943eda96-740d-8258-d09e-9f9de56e228b}.Debug|Any CPU.Build.0 = Debug|Any CPU
		{fa8f9fa0-58f2-a619-4cdc-f5fdd1744e55}.Debug|Any CPU.ActiveCfg = Debug|Any CPU
		{fa8f9fa0-58f2-a619-4cdc-f5fdd1744e55}.Debug|Any CPU.Build.0 = Debug|Any CPU
		{e72584e8-b38d-eef7-3ac7-7f5a7a72f3e8}.Debug|Any CPU.ActiveCfg = Debug|Any CPU
		{e72584e8-b38d-eef7-3ac7-7f5a7a72f3e8}.Debug|Any CPU.Build.0 = Debug|Any CPU
		{2d685936-ebd3-20e8-010b-aca302bede55}.Debug|Any CPU.ActiveCfg = Debug|Any CPU
		{2d685936-ebd3-20e8-010b-aca302bede55}.Debug|Any CPU.Build.0 = Debug|Any CPU
		{e4dc1a89-e5a4-41e9-6b3d-6dcd7fb8aa9f}.Debug|Any CPU.ActiveCfg = Debug|Any CPU
		{e4dc1a89-e5a4-41e9-6b3d-6dcd7fb8aa9f}.Debug|Any CPU.Build.0 = Debug|Any CPU
		{1be61a2a-130a-34db-dac5-17b7130a4312}.Debug|Any CPU.ActiveCfg = Debug|Any CPU
		{1be61a2a-130a-34db-dac5-17b7130a4312}.Debug|Any CPU.Build.0 = Debug|Any CPU
		{d8e4ce3a-ce4b-507b-8cd7-9a24a40783ac}.Debug|Any CPU.ActiveCfg = Debug|Any CPU
		{d8e4ce3a-ce4b-507b-8cd7-9a24a40783ac}.Debug|Any CPU.Build.0 = Debug|Any CPU
	EndGlobalSection
	GlobalSection(SolutionProperties) = preSolution
		HideSolutionNode = FALSE
	EndGlobalSection
EndGlobal
